{
  "meteor": {
    "git": "https://github.com/meteor/meteor.git",
    "branch": "master",
    "commit": "4d98d8cb4e5a95e9e98953f44c872c9332a042a3"
  },
  "dependencies": {
    "basePackages": {
      "bafa": {},
      "jade-handlebars": {}
    },
    "packages": {
      "bafa": {
        "git": "https://github.com/jackp/BAFA.git",
        "tag": "v0.2.2",
        "commit": "9d5e2f8605126c908949f550dc6a1f4e01e7ff62"
      },
      "jade-handlebars": {
        "git": "https://github.com/SimonDegraeve/meteor-jade-handlebars.git",
        "tag": "v0.2.4",
        "commit": "52def281573302a79e1a3d0b368e77f3b14d0d09"
      }
    }
  }
}
